
Microsoft Visual Studio Solution File, Format Version 12.00
# Visual Studio Version 17
VisualStudioVersion = 17.3.32929.385
MinimumVisualStudioVersion = 10.0.40219.1
Project("{FAE04EC0-301F-11D3-BF4B-00C04F79EFBC}") = "LibraryService", "LibraryService\LibraryService.csproj", "{810899DB-B2E4-4D3A-98C4-C814393A68B1}"
EndProject
Project("{FAE04EC0-301F-11D3-BF4B-00C04F79EFBC}") = "LibraryService.Web", "LibraryService.Web\LibraryService.Web.csproj", "{06B0F314-34B1-4250-B51A-C6379C65B0FD}"
EndProject
Global
	GlobalSection(SolutionConfigurationPlatforms) = preSolution
		Debug|Any CPU = Debug|Any CPU
		Release|Any CPU = Release|Any CPU
	EndGlobalSection
	GlobalSection(ProjectConfigurationPlatforms) = postSolution
		{810899DB-B2E4-4D3A-98C4-C814393A68B1}.Debug|Any CPU.ActiveCfg = Debug|Any CPU
		{810899DB-B2E4-4D3A-98C4-C814393A68B1}.Debug|Any CPU.Build.0 = Debug|Any CPU
		{810899DB-B2E4-4D3A-98C4-C814393A68B1}.Release|Any CPU.ActiveCfg = Release|Any CPU
		{810899DB-B2E4-4D3A-98C4-C814393A68B1}.Release|Any CPU.Build.0 = Release|Any CPU
		{06B0F314-34B1-4250-B51A-C6379C65B0FD}.Debug|Any CPU.ActiveCfg = Debug|Any CPU
		{06B0F314-34B1-4250-B51A-C6379C65B0FD}.Debug|Any CPU.Build.0 = Debug|Any CPU
		{06B0F314-34B1-4250-B51A-C6379C65B0FD}.Release|Any CPU.ActiveCfg = Release|Any CPU
		{06B0F314-34B1-4250-B51A-C6379C65B0FD}.Release|Any CPU.Build.0 = Release|Any CPU
	EndGlobalSection
	GlobalSection(SolutionProperties) = preSolution
		HideSolutionNode = FALSE
	EndGlobalSection
	GlobalSection(ExtensibilityGlobals) = postSolution
		SolutionGuid = {60619193-E98D-4094-8AAE-559CFAB0ED61}
	EndGlobalSection
EndGlobal
